// !$*UTF8*$!
{
	archiveVersion = 1;
	classes = {
	};
	objectVersion = 70;
	objects = {

/* Begin PBXBuildFile section */
		1951A3322C97EE0E00D353F4 /* SWDemoApp.swift in Sources */ = {isa = PBXBuildFile; fileRef = 1951A3312C97EE0E00D353F4 /* SWDemoApp.swift */; };
		1951A3342C97EE0E00D353F4 /* ContentView.swift in Sources */ = {isa = PBXBuildFile; fileRef = 1951A3332C97EE0E00D353F4 /* ContentView.swift */; };
		1951A3362C97EE0F00D353F4 /* Assets.xcassets in Resources */ = {isa = PBXBuildFile; fileRef = 1951A3352C97EE0F00D353F4 /* Assets.xcassets */; };
		1951A3392C97EE0F00D353F4 /* Preview Assets.xcassets in Resources */ = {isa = PBXBuildFile; fileRef = 1951A3382C97EE0F00D353F4 /* Preview Assets.xcassets */; };
		1951A3402C97EF2900D353F4 /* Model.swift in Sources */ = {isa = PBXBuildFile; fileRef = 1951A33F2C97EF2900D353F4 /* Model.swift */; };
		1951A3462C97F10C00D353F4 /* StarWars.json in Resources */ = {isa = PBXBuildFile; fileRef = 1951A3452C97F10C00D353F4 /* StarWars.json */; };
		19626EEB2C97F78100B3BDD8 /* Repository.swift in Sources */ = {isa = PBXBuildFile; fileRef = 19626EEA2C97F78100B3BDD8 /* Repository.swift */; };
		19626EED2C97FC7000B3BDD8 /* StarCardVM.swift in Sources */ = {isa = PBXBuildFile; fileRef = 19626EEC2C97FC7000B3BDD8 /* StarCardVM.swift */; };
		19626EEF2C97FF0200B3BDD8 /* StarWars Test.json in Resources */ = {isa = PBXBuildFile; fileRef = 19626EEE2C97FF0200B3BDD8 /* StarWars Test.json */; };
		19626EF12C97FF9300B3BDD8 /* StarCardView.swift in Sources */ = {isa = PBXBuildFile; fileRef = 19626EF02C97FF9300B3BDD8 /* StarCardView.swift */; };
/* End PBXBuildFile section */

/* Begin PBXContainerItemProxy section */
		19F970482C9CFE810047B43E /* PBXContainerItemProxy */ = {
			isa = PBXContainerItemProxy;
			containerPortal = 1951A3262C97EE0E00D353F4 /* Project object */;
			proxyType = 1;
			remoteGlobalIDString = 1951A32D2C97EE0E00D353F4;
			remoteInfo = SWDemo;
		};
/* End PBXContainerItemProxy section */

/* Begin PBXFileReference section */
		1951A32E2C97EE0E00D353F4 /* SWDemo.app */ = {isa = PBXFileReference; explicitFileType = wrapper.application; includeInIndex = 0; path = SWDemo.app; sourceTree = BUILT_PRODUCTS_DIR; };
		1951A3312C97EE0E00D353F4 /* SWDemoApp.swift */ = {isa = PBXFileReference; lastKnownFileType = sourcecode.swift; path = SWDemoApp.swift; sourceTree = "<group>"; };
		1951A3332C97EE0E00D353F4 /* ContentView.swift */ = {isa = PBXFileReference; lastKnownFileType = sourcecode.swift; path = ContentView.swift; sourceTree = "<group>"; };
		1951A3352C97EE0F00D353F4 /* Assets.xcassets */ = {isa = PBXFileReference; lastKnownFileType = folder.assetcatalog; path = Assets.xcassets; sourceTree = "<group>"; };
		1951A3382C97EE0F00D353F4 /* Preview Assets.xcassets */ = {isa = PBXFileReference; lastKnownFileType = folder.assetcatalog; path = "Preview Assets.xcassets"; sourceTree = "<group>"; };
		1951A33F2C97EF2900D353F4 /* Model.swift */ = {isa = PBXFileReference; lastKnownFileType = sourcecode.swift; path = Model.swift; sourceTree = "<group>"; };
		1951A3452C97F10C00D353F4 /* StarWars.json */ = {isa = PBXFileReference; fileEncoding = 4; lastKnownFileType = text.json; path = StarWars.json; sourceTree = "<group>"; };
		19626EEA2C97F78100B3BDD8 /* Repository.swift */ = {isa = PBXFileReference; lastKnownFileType = sourcecode.swift; path = Repository.swift; sourceTree = "<group>"; };
		19626EEC2C97FC7000B3BDD8 /* StarCardVM.swift */ = {isa = PBXFileReference; lastKnownFileType = sourcecode.swift; path = StarCardVM.swift; sourceTree = "<group>"; };
		19626EEE2C97FF0200B3BDD8 /* StarWars Test.json */ = {isa = PBXFileReference; fileEncoding = 4; lastKnownFileType = text.json; path = "StarWars Test.json"; sourceTree = "<group>"; };
		19626EF02C97FF9300B3BDD8 /* StarCardView.swift */ = {isa = PBXFileReference; lastKnownFileType = sourcecode.swift; path = StarCardView.swift; sourceTree = "<group>"; };
		19F970442C9CFE810047B43E /* SWDemoTests.xctest */ = {isa = PBXFileReference; explicitFileType = wrapper.cfbundle; includeInIndex = 0; path = SWDemoTests.xctest; sourceTree = BUILT_PRODUCTS_DIR; };
/* End PBXFileReference section */

/* Begin PBXFileSystemSynchronizedRootGroup section */
		19F970452C9CFE810047B43E /* SWDemoTests */ = {isa = PBXFileSystemSynchronizedRootGroup; explicitFileTypes = {}; explicitFolders = (); path = SWDemoTests; sourceTree = "<group>"; };
/* End PBXFileSystemSynchronizedRootGroup section */

/* Begin PBXFrameworksBuildPhase section */
		1951A32B2C97EE0E00D353F4 /* Frameworks */ = {
			isa = PBXFrameworksBuildPhase;
			buildActionMask = 2147483647;
			files = (
			);
			runOnlyForDeploymentPostprocessing = 0;
		};
		19F970412C9CFE810047B43E /* Frameworks */ = {
			isa = PBXFrameworksBuildPhase;
			buildActionMask = 2147483647;
			files = (
			);
			runOnlyForDeploymentPostprocessing = 0;
		};
/* End PBXFrameworksBuildPhase section */

/* Begin PBXGroup section */
		1951A3252C97EE0E00D353F4 = {
			isa = PBXGroup;
			children = (
				1951A3302C97EE0E00D353F4 /* SWDemo */,
				19F970452C9CFE810047B43E /* SWDemoTests */,
				1951A32F2C97EE0E00D353F4 /* Products */,
			);
			sourceTree = "<group>";
		};
		1951A32F2C97EE0E00D353F4 /* Products */ = {
			isa = PBXGroup;
			children = (
				1951A32E2C97EE0E00D353F4 /* SWDemo.app */,
				19F970442C9CFE810047B43E /* SWDemoTests.xctest */,
			);
			name = Products;
			sourceTree = "<group>";
		};
		1951A3302C97EE0E00D353F4 /* SWDemo */ = {
			isa = PBXGroup;
			children = (
				19626EEA2C97F78100B3BDD8 /* Repository.swift */,
				1951A3312C97EE0E00D353F4 /* SWDemoApp.swift */,
				1951A3332C97EE0E00D353F4 /* ContentView.swift */,
				19626EEC2C97FC7000B3BDD8 /* StarCardVM.swift */,
				1951A3452C97F10C00D353F4 /* StarWars.json */,
				1951A33F2C97EF2900D353F4 /* Model.swift */,
				19626EF02C97FF9300B3BDD8 /* StarCardView.swift */,
				1951A3352C97EE0F00D353F4 /* Assets.xcassets */,
				1951A3372C97EE0F00D353F4 /* Preview Content */,
			);
			path = SWDemo;
			sourceTree = "<group>";
		};
		1951A3372C97EE0F00D353F4 /* Preview Content */ = {
			isa = PBXGroup;
			children = (
				1951A3382C97EE0F00D353F4 /* Preview Assets.xcassets */,
				19626EEE2C97FF0200B3BDD8 /* StarWars Test.json */,
			);
			path = "Preview Content";
			sourceTree = "<group>";
		};
/* End PBXGroup section */

/* Begin PBXNativeTarget section */
		1951A32D2C97EE0E00D353F4 /* SWDemo */ = {
			isa = PBXNativeTarget;
			buildConfigurationList = 1951A33C2C97EE0F00D353F4 /* Build configuration list for PBXNativeTarget "SWDemo" */;
			buildPhases = (
				1951A32A2C97EE0E00D353F4 /* Sources */,
				1951A32B2C97EE0E00D353F4 /* Frameworks */,
				1951A32C2C97EE0E00D353F4 /* Resources */,
			);
			buildRules = (
			);
			dependencies = (
			);
			name = SWDemo;
			productName = SWDemo;
			productReference = 1951A32E2C97EE0E00D353F4 /* SWDemo.app */;
			productType = "com.apple.product-type.application";
		};
		19F970432C9CFE810047B43E /* SWDemoTests */ = {
			isa = PBXNativeTarget;
			buildConfigurationList = 19F9704C2C9CFE810047B43E /* Build configuration list for PBXNativeTarget "SWDemoTests" */;
			buildPhases = (
				19F970402C9CFE810047B43E /* Sources */,
				19F970412C9CFE810047B43E /* Frameworks */,
				19F970422C9CFE810047B43E /* Resources */,
			);
			buildRules = (
			);
			dependencies = (
				19F970492C9CFE810047B43E /* PBXTargetDependency */,
			);
			fileSystemSynchronizedGroups = (
				19F970452C9CFE810047B43E /* SWDemoTests */,
			);
			name = SWDemoTests;
			packageProductDependencies = (
			);
			productName = SWDemoTests;
			productReference = 19F970442C9CFE810047B43E /* SWDemoTests.xctest */;
			productType = "com.apple.product-type.bundle.unit-test";
		};
/* End PBXNativeTarget section */

/* Begin PBXProject section */
		1951A3262C97EE0E00D353F4 /* Project object */ = {
			isa = PBXProject;
			attributes = {
				BuildIndependentTargetsInParallel = 1;
				LastSwiftUpdateCheck = 1600;
				LastUpgradeCheck = 1540;
				TargetAttributes = {
					1951A32D2C97EE0E00D353F4 = {
						CreatedOnToolsVersion = 15.4;
					};
					19F970432C9CFE810047B43E = {
						CreatedOnToolsVersion = 16.0;
						TestTargetID = 1951A32D2C97EE0E00D353F4;
					};
				};
			};
			buildConfigurationList = 1951A3292C97EE0E00D353F4 /* Build configuration list for PBXProject "SWDemo" */;
			compatibilityVersion = "Xcode 14.0";
			developmentRegion = en;
			hasScannedForEncodings = 0;
			knownRegions = (
				en,
				Base,
			);
			mainGroup = 1951A3252C97EE0E00D353F4;
			productRefGroup = 1951A32F2C97EE0E00D353F4 /* Products */;
			projectDirPath = "";
			projectRoot = "";
			targets = (
				1951A32D2C97EE0E00D353F4 /* SWDemo */,
				19F970432C9CFE810047B43E /* SWDemoTests */,
			);
		};
/* End PBXProject section */

/* Begin PBXResourcesBuildPhase section */
		1951A32C2C97EE0E00D353F4 /* Resources */ = {
			isa = PBXResourcesBuildPhase;
			buildActionMask = 2147483647;
			files = (
				1951A3392C97EE0F00D353F4 /* Preview Assets.xcassets in Resources */,
				19626EEF2C97FF0200B3BDD8 /* StarWars Test.json in Resources */,
				1951A3462C97F10C00D353F4 /* StarWars.json in Resources */,
				1951A3362C97EE0F00D353F4 /* Assets.xcassets in Resources */,
			);
			runOnlyForDeploymentPostprocessing = 0;
		};
		19F970422C9CFE810047B43E /* Resources */ = {
			isa = PBXResourcesBuildPhase;
			buildActionMask = 2147483647;
			files = (
			);
			runOnlyForDeploymentPostprocessing = 0;
		};
/* End PBXResourcesBuildPhase section */

/* Begin PBXSourcesBuildPhase section */
		1951A32A2C97EE0E00D353F4 /* Sources */ = {
			isa = PBXSourcesBuildPhase;
			buildActionMask = 2147483647;
			files = (
				1951A3402C97EF2900D353F4 /* Model.swift in Sources */,
				19626EED2C97FC7000B3BDD8 /* StarCardVM.swift in Sources */,
				1951A3342C97EE0E00D353F4 /* ContentView.swift in Sources */,
				1951A3322C97EE0E00D353F4 /* SWDemoApp.swift in Sources */,
				19626EF12C97FF9300B3BDD8 /* StarCardView.swift in Sources */,
				19626EEB2C97F78100B3BDD8 /* Repository.swift in Sources */,
			);
			runOnlyForDeploymentPostprocessing = 0;
		};
		19F970402C9CFE810047B43E /* Sources */ = {
			isa = PBXSourcesBuildPhase;
			buildActionMask = 2147483647;
			files = (
			);
			runOnlyForDeploymentPostprocessing = 0;
		};
/* End PBXSourcesBuildPhase section */

/* Begin PBXTargetDependency section */
		19F970492C9CFE810047B43E /* PBXTargetDependency */ = {
			isa = PBXTargetDependency;
			target = 1951A32D2C97EE0E00D353F4 /* SWDemo */;
			targetProxy = 19F970482C9CFE810047B43E /* PBXContainerItemProxy */;
		};
/* End PBXTargetDependency section */

/* Begin XCBuildConfiguration section */
		1951A33A2C97EE0F00D353F4 /* Debug */ = {
			isa = XCBuildConfiguration;
			buildSettings = {
				ALWAYS_SEARCH_USER_PATHS = NO;
				ASSETCATALOG_COMPILER_GENERATE_SWIFT_ASSET_SYMBOL_EXTENSIONS = YES;
				CLANG_ANALYZER_NONNULL = YES;
				CLANG_ANALYZER_NUMBER_OBJECT_CONVERSION = YES_AGGRESSIVE;
				CLANG_CXX_LANGUAGE_STANDARD = "gnu++20";
				CLANG_ENABLE_MODULES = YES;
				CLANG_ENABLE_OBJC_ARC = YES;
				CLANG_ENABLE_OBJC_WEAK = YES;
				CLANG_WARN_BLOCK_CAPTURE_AUTORELEASING = YES;
				CLANG_WARN_BOOL_CONVERSION = YES;
				CLANG_WARN_COMMA = YES;
				CLANG_WARN_CONSTANT_CONVERSION = YES;
				CLANG_WARN_DEPRECATED_OBJC_IMPLEMENTATIONS = YES;
				CLANG_WARN_DIRECT_OBJC_ISA_USAGE = YES_ERROR;
				CLANG_WARN_DOCUMENTATION_COMMENTS = YES;
				CLANG_WARN_EMPTY_BODY = YES;
				CLANG_WARN_ENUM_CONVERSION = YES;
				CLANG_WARN_INFINITE_RECURSION = YES;
				CLANG_WARN_INT_CONVERSION = YES;
				CLANG_WARN_NON_LITERAL_NULL_CONVERSION = YES;
				CLANG_WARN_OBJC_IMPLICIT_RETAIN_SELF = YES;
				CLANG_WARN_OBJC_LITERAL_CONVERSION = YES;
				CLANG_WARN_OBJC_ROOT_CLASS = YES_ERROR;
				CLANG_WARN_QUOTED_INCLUDE_IN_FRAMEWORK_HEADER = YES;
				CLANG_WARN_RANGE_LOOP_ANALYSIS = YES;
				CLANG_WARN_STRICT_PROTOTYPES = YES;
				CLANG_WARN_SUSPICIOUS_MOVE = YES;
				CLANG_WARN_UNGUARDED_AVAILABILITY = YES_AGGRESSIVE;
				CLANG_WARN_UNREACHABLE_CODE = YES;
				CLANG_WARN__DUPLICATE_METHOD_MATCH = YES;
				COPY_PHASE_STRIP = NO;
				DEBUG_INFORMATION_FORMAT = dwarf;
				ENABLE_STRICT_OBJC_MSGSEND = YES;
				ENABLE_TESTABILITY = YES;
				ENABLE_USER_SCRIPT_SANDBOXING = YES;
				GCC_C_LANGUAGE_STANDARD = gnu17;
				GCC_DYNAMIC_NO_PIC = NO;
				GCC_NO_COMMON_BLOCKS = YES;
				GCC_OPTIMIZATION_LEVEL = 0;
				GCC_PREPROCESSOR_DEFINITIONS = (
					"DEBUG=1",
					"$(inherited)",
				);
				GCC_WARN_64_TO_32_BIT_CONVERSION = YES;
				GCC_WARN_ABOUT_RETURN_TYPE = YES_ERROR;
				GCC_WARN_UNDECLARED_SELECTOR = YES;
				GCC_WARN_UNINITIALIZED_AUTOS = YES_AGGRESSIVE;
				GCC_WARN_UNUSED_FUNCTION = YES;
				GCC_WARN_UNUSED_VARIABLE = YES;
				IPHONEOS_DEPLOYMENT_TARGET = 17.5;
				LOCALIZATION_PREFERS_STRING_CATALOGS = YES;
				MTL_ENABLE_DEBUG_INFO = INCLUDE_SOURCE;
				MTL_FAST_MATH = YES;
				ONLY_ACTIVE_ARCH = YES;
				SDKROOT = iphoneos;
				SWIFT_ACTIVE_COMPILATION_CONDITIONS = "DEBUG $(inherited)";
				SWIFT_OPTIMIZATION_LEVEL = "-Onone";
			};
			name = Debug;
		};
		1951A33B2C97EE0F00D353F4 /* Release */ = {
			isa = XCBuildConfiguration;
			buildSettings = {
				ALWAYS_SEARCH_USER_PATHS = NO;
				ASSETCATALOG_COMPILER_GENERATE_SWIFT_ASSET_SYMBOL_EXTENSIONS = YES;
				CLANG_ANALYZER_NONNULL = YES;
				CLANG_ANALYZER_NUMBER_OBJECT_CONVERSION = YES_AGGRESSIVE;
				CLANG_CXX_LANGUAGE_STANDARD = "gnu++20";
				CLANG_ENABLE_MODULES = YES;
				CLANG_ENABLE_OBJC_ARC = YES;
				CLANG_ENABLE_OBJC_WEAK = YES;
				CLANG_WARN_BLOCK_CAPTURE_AUTORELEASING = YES;
				CLANG_WARN_BOOL_CONVERSION = YES;
				CLANG_WARN_COMMA = YES;
				CLANG_WARN_CONSTANT_CONVERSION = YES;
				CLANG_WARN_DEPRECATED_OBJC_IMPLEMENTATIONS = YES;
				CLANG_WARN_DIRECT_OBJC_ISA_USAGE = YES_ERROR;
				CLANG_WARN_DOCUMENTATION_COMMENTS = YES;
				CLANG_WARN_EMPTY_BODY = YES;
				CLANG_WARN_ENUM_CONVERSION = YES;
				CLANG_WARN_INFINITE_RECURSION = YES;
				CLANG_WARN_INT_CONVERSION = YES;
				CLANG_WARN_NON_LITERAL_NULL_CONVERSION = YES;
				CLANG_WARN_OBJC_IMPLICIT_RETAIN_SELF = YES;
				CLANG_WARN_OBJC_LITERAL_CONVERSION = YES;
				CLANG_WARN_OBJC_ROOT_CLASS = YES_ERROR;
				CLANG_WARN_QUOTED_INCLUDE_IN_FRAMEWORK_HEADER = YES;
				CLANG_WARN_RANGE_LOOP_ANALYSIS = YES;
				CLANG_WARN_STRICT_PROTOTYPES = YES;
				CLANG_WARN_SUSPICIOUS_MOVE = YES;
				CLANG_WARN_UNGUARDED_AVAILABILITY = YES_AGGRESSIVE;
				CLANG_WARN_UNREACHABLE_CODE = YES;
				CLANG_WARN__DUPLICATE_METHOD_MATCH = YES;
				COPY_PHASE_STRIP = NO;
				DEBUG_INFORMATION_FORMAT = "dwarf-with-dsym";
				ENABLE_NS_ASSERTIONS = NO;
				ENABLE_STRICT_OBJC_MSGSEND = YES;
				ENABLE_USER_SCRIPT_SANDBOXING = YES;
				GCC_C_LANGUAGE_STANDARD = gnu17;
				GCC_NO_COMMON_BLOCKS = YES;
				GCC_WARN_64_TO_32_BIT_CONVERSION = YES;
				GCC_WARN_ABOUT_RETURN_TYPE = YES_ERROR;
				GCC_WARN_UNDECLARED_SELECTOR = YES;
				GCC_WARN_UNINITIALIZED_AUTOS = YES_AGGRESSIVE;
				GCC_WARN_UNUSED_FUNCTION = YES;
				GCC_WARN_UNUSED_VARIABLE = YES;
				IPHONEOS_DEPLOYMENT_TARGET = 17.5;
				LOCALIZATION_PREFERS_STRING_CATALOGS = YES;
				MTL_ENABLE_DEBUG_INFO = NO;
				MTL_FAST_MATH = YES;
				SDKROOT = iphoneos;
				SWIFT_COMPILATION_MODE = wholemodule;
				VALIDATE_PRODUCT = YES;
			};
			name = Release;
		};
		1951A33D2C97EE0F00D353F4 /* Debug */ = {
			isa = XCBuildConfiguration;
			buildSettings = {
				ASSETCATALOG_COMPILER_APPICON_NAME = AppIcon;
				ASSETCATALOG_COMPILER_GLOBAL_ACCENT_COLOR_NAME = AccentColor;
				CODE_SIGN_STYLE = Automatic;
				CURRENT_PROJECT_VERSION = 1;
				DEVELOPMENT_ASSET_PATHS = "\"SWDemo/Preview Content\"";
				DEVELOPMENT_TEAM = 8XK9JV372X;
				ENABLE_PREVIEWS = YES;
				GENERATE_INFOPLIST_FILE = YES;
				INFOPLIST_KEY_UIApplicationSceneManifest_Generation = YES;
				INFOPLIST_KEY_UIApplicationSupportsIndirectInputEvents = YES;
				INFOPLIST_KEY_UILaunchScreen_Generation = YES;
				INFOPLIST_KEY_UISupportedInterfaceOrientations_iPad = "UIInterfaceOrientationPortrait UIInterfaceOrientationPortraitUpsideDown UIInterfaceOrientationLandscapeLeft UIInterfaceOrientationLandscapeRight";
				INFOPLIST_KEY_UISupportedInterfaceOrientations_iPhone = "UIInterfaceOrientationPortrait UIInterfaceOrientationLandscapeLeft UIInterfaceOrientationLandscapeRight";
				LD_RUNPATH_SEARCH_PATHS = (
					"$(inherited)",
					"@executable_path/Frameworks",
				);
				MARKETING_VERSION = 1.0;
				PRODUCT_BUNDLE_IDENTIFIER = "com.course-swiftui.SWDemo";
				PRODUCT_NAME = "$(TARGET_NAME)";
				SWIFT_EMIT_LOC_STRINGS = YES;
				SWIFT_VERSION = 5.0;
				TARGETED_DEVICE_FAMILY = "1,2";
			};
			name = Debug;
		};
		1951A33E2C97EE0F00D353F4 /* Release */ = {
			isa = XCBuildConfiguration;
			buildSettings = {
				ASSETCATALOG_COMPILER_APPICON_NAME = AppIcon;
				ASSETCATALOG_COMPILER_GLOBAL_ACCENT_COLOR_NAME = AccentColor;
				CODE_SIGN_STYLE = Automatic;
				CURRENT_PROJECT_VERSION = 1;
				DEVELOPMENT_ASSET_PATHS = "\"SWDemo/Preview Content\"";
				DEVELOPMENT_TEAM = 8XK9JV372X;
				ENABLE_PREVIEWS = YES;
				GENERATE_INFOPLIST_FILE = YES;
				INFOPLIST_KEY_UIApplicationSceneManifest_Generation = YES;
				INFOPLIST_KEY_UIApplicationSupportsIndirectInputEvents = YES;
				INFOPLIST_KEY_UILaunchScreen_Generation = YES;
				INFOPLIST_KEY_UISupportedInterfaceOrientations_iPad = "UIInterfaceOrientationPortrait UIInterfaceOrientationPortraitUpsideDown UIInterfaceOrientationLandscapeLeft UIInterfaceOrientationLandscapeRight";
				INFOPLIST_KEY_UISupportedInterfaceOrientations_iPhone = "UIInterfaceOrientationPortrait UIInterfaceOrientationLandscapeLeft UIInterfaceOrientationLandscapeRight";
				LD_RUNPATH_SEARCH_PATHS = (
					"$(inherited)",
					"@executable_path/Frameworks",
				);
				MARKETING_VERSION = 1.0;
				PRODUCT_BUNDLE_IDENTIFIER = "com.course-swiftui.SWDemo";
				PRODUCT_NAME = "$(TARGET_NAME)";
				SWIFT_EMIT_LOC_STRINGS = YES;
				SWIFT_VERSION = 5.0;
				TARGETED_DEVICE_FAMILY = "1,2";
			};
			name = Release;
		};
		19F9704A2C9CFE810047B43E /* Debug */ = {
			isa = XCBuildConfiguration;
			buildSettings = {
				BUNDLE_LOADER = "$(TEST_HOST)";
				CODE_SIGN_STYLE = Automatic;
				CURRENT_PROJECT_VERSION = 1;
				DEVELOPMENT_TEAM = 8XK9JV372X;
				GENERATE_INFOPLIST_FILE = YES;
				IPHONEOS_DEPLOYMENT_TARGET = 18.0;
				MACOSX_DEPLOYMENT_TARGET = 15.0;
				MARKETING_VERSION = 1.0;
				PRODUCT_BUNDLE_IDENTIFIER = "com.course-swiftui.SWDemoTests";
				PRODUCT_NAME = "$(TARGET_NAME)";
				SDKROOT = auto;
				SUPPORTED_PLATFORMS = "iphoneos iphonesimulator macosx xros xrsimulator";
				SWIFT_EMIT_LOC_STRINGS = NO;
				SWIFT_VERSION = 5.0;
				TARGETED_DEVICE_FAMILY = "1,2,7";
				TEST_HOST = "$(BUILT_PRODUCTS_DIR)/SWDemo.app/$(BUNDLE_EXECUTABLE_FOLDER_PATH)/SWDemo";
				XROS_DEPLOYMENT_TARGET = 2.0;
			};
			name = Debug;
		};
		19F9704B2C9CFE810047B43E /* Release */ = {
			isa = XCBuildConfiguration;
			buildSettings = {
				BUNDLE_LOADER = "$(TEST_HOST)";
				CODE_SIGN_STYLE = Automatic;
				CURRENT_PROJECT_VERSION = 1;
				DEVELOPMENT_TEAM = 8XK9JV372X;
				GENERATE_INFOPLIST_FILE = YES;
				IPHONEOS_DEPLOYMENT_TARGET = 18.0;
				MACOSX_DEPLOYMENT_TARGET = 15.0;
				MARKETING_VERSION = 1.0;
				PRODUCT_BUNDLE_IDENTIFIER = "com.course-swiftui.SWDemoTests";
				PRODUCT_NAME = "$(TARGET_NAME)";
				SDKROOT = auto;
				SUPPORTED_PLATFORMS = "iphoneos iphonesimulator macosx xros xrsimulator";
				SWIFT_EMIT_LOC_STRINGS = NO;
				SWIFT_VERSION = 5.0;
				TARGETED_DEVICE_FAMILY = "1,2,7";
				TEST_HOST = "$(BUILT_PRODUCTS_DIR)/SWDemo.app/$(BUNDLE_EXECUTABLE_FOLDER_PATH)/SWDemo";
				XROS_DEPLOYMENT_TARGET = 2.0;
			};
			name = Release;
		};
/* End XCBuildConfiguration section */

/* Begin XCConfigurationList section */
		1951A3292C97EE0E00D353F4 /* Build configuration list for PBXProject "SWDemo" */ = {
			isa = XCConfigurationList;
			buildConfigurations = (
				1951A33A2C97EE0F00D353F4 /* Debug */,
				1951A33B2C97EE0F00D353F4 /* Release */,
			);
			defaultConfigurationIsVisible = 0;
			defaultConfigurationName = Release;
		};
		1951A33C2C97EE0F00D353F4 /* Build configuration list for PBXNativeTarget "SWDemo" */ = {
			isa = XCConfigurationList;
			buildConfigurations = (
				1951A33D2C97EE0F00D353F4 /* Debug */,
				1951A33E2C97EE0F00D353F4 /* Release */,
			);
			defaultConfigurationIsVisible = 0;
			defaultConfigurationName = Release;
		};
		19F9704C2C9CFE810047B43E /* Build configuration list for PBXNativeTarget "SWDemoTests" */ = {
			isa = XCConfigurationList;
			buildConfigurations = (
				19F9704A2C9CFE810047B43E /* Debug */,
				19F9704B2C9CFE810047B43E /* Release */,
			);
			defaultConfigurationIsVisible = 0;
			defaultConfigurationName = Release;
		};
/* End XCConfigurationList section */
	};
	rootObject = 1951A3262C97EE0E00D353F4 /* Project object */;
}
